// !$*UTF8*$!
{
	archiveVersion = 1;
	classes = {
	};
	objectVersion = 50;
	objects = {

/* Begin PBXBuildFile section */
		3219E0542560BE0E003BBBA2 /* ArticleDetailPresenter.swift in Sources */ = {isa = PBXBuildFile; fileRef = 3219E0532560BE0E003BBBA2 /* ArticleDetailPresenter.swift */; };
		C7D0783D25550C9E00F6F258 /* AppDelegate.swift in Sources */ = {isa = PBXBuildFile; fileRef = C7D0783C25550C9E00F6F258 /* AppDelegate.swift */; };
		C7D0783F25550C9E00F6F258 /* SceneDelegate.swift in Sources */ = {isa = PBXBuildFile; fileRef = C7D0783E25550C9E00F6F258 /* SceneDelegate.swift */; };
		C7D0784425550C9E00F6F258 /* Main.storyboard in Resources */ = {isa = PBXBuildFile; fileRef = C7D0784225550C9E00F6F258 /* Main.storyboard */; };
		C7D0784625550C9E00F6F258 /* Assets.xcassets in Resources */ = {isa = PBXBuildFile; fileRef = C7D0784525550C9E00F6F258 /* Assets.xcassets */; };
		C7D0784925550C9E00F6F258 /* LaunchScreen.storyboard in Resources */ = {isa = PBXBuildFile; fileRef = C7D0784725550C9E00F6F258 /* LaunchScreen.storyboard */; };
		C7D0785425550C9F00F6F258 /* viperSampleTests.swift in Sources */ = {isa = PBXBuildFile; fileRef = C7D0785325550C9F00F6F258 /* viperSampleTests.swift */; };
		C7D0785F25550C9F00F6F258 /* viperSampleUITests.swift in Sources */ = {isa = PBXBuildFile; fileRef = C7D0785E25550C9F00F6F258 /* viperSampleUITests.swift */; };
		C7D078752555168000F6F258 /* ArticleListViewController.swift in Sources */ = {isa = PBXBuildFile; fileRef = C7D078742555168000F6F258 /* ArticleListViewController.swift */; };
		C7D07883255518BB00F6F258 /* ArticleEntity.swift in Sources */ = {isa = PBXBuildFile; fileRef = C7D07882255518BB00F6F258 /* ArticleEntity.swift */; };
		C7D078892555197D00F6F258 /* ArticleDetailViewController.swift in Sources */ = {isa = PBXBuildFile; fileRef = C7D078882555197D00F6F258 /* ArticleDetailViewController.swift */; };
		C7D0789125551CA000F6F258 /* ArticleUseCase.swift in Sources */ = {isa = PBXBuildFile; fileRef = C7D0789025551CA000F6F258 /* ArticleUseCase.swift */; };
		C7D078962556F5A100F6F258 /* GetArticlesArrayUseCase.swift in Sources */ = {isa = PBXBuildFile; fileRef = C7D078952556F5A100F6F258 /* GetArticlesArrayUseCase.swift */; };
		C7D0789B2556F7B400F6F258 /* GetArticleByIdUseCase.swift in Sources */ = {isa = PBXBuildFile; fileRef = C7D0789A2556F7B400F6F258 /* GetArticleByIdUseCase.swift */; };
		C7D078A02556FABC00F6F258 /* ArticleListRouter.swift in Sources */ = {isa = PBXBuildFile; fileRef = C7D0789F2556FABC00F6F258 /* ArticleListRouter.swift */; };
		C7D078A52556FE2E00F6F258 /* ArticleListPresenter.swift in Sources */ = {isa = PBXBuildFile; fileRef = C7D078A42556FE2E00F6F258 /* ArticleListPresenter.swift */; };
/* End PBXBuildFile section */

/* Begin PBXContainerItemProxy section */
		C7D0785025550C9E00F6F258 /* PBXContainerItemProxy */ = {
			isa = PBXContainerItemProxy;
			containerPortal = C7D0783125550C9E00F6F258 /* Project object */;
			proxyType = 1;
			remoteGlobalIDString = C7D0783825550C9E00F6F258;
			remoteInfo = viperSample;
		};
		C7D0785B25550C9F00F6F258 /* PBXContainerItemProxy */ = {
			isa = PBXContainerItemProxy;
			containerPortal = C7D0783125550C9E00F6F258 /* Project object */;
			proxyType = 1;
			remoteGlobalIDString = C7D0783825550C9E00F6F258;
			remoteInfo = viperSample;
		};
/* End PBXContainerItemProxy section */

/* Begin PBXFileReference section */
		3219E0532560BE0E003BBBA2 /* ArticleDetailPresenter.swift */ = {isa = PBXFileReference; lastKnownFileType = sourcecode.swift; path = ArticleDetailPresenter.swift; sourceTree = "<group>"; };
		C7D0783925550C9E00F6F258 /* viperSample.app */ = {isa = PBXFileReference; explicitFileType = wrapper.application; includeInIndex = 0; path = viperSample.app; sourceTree = BUILT_PRODUCTS_DIR; };
		C7D0783C25550C9E00F6F258 /* AppDelegate.swift */ = {isa = PBXFileReference; lastKnownFileType = sourcecode.swift; path = AppDelegate.swift; sourceTree = "<group>"; };
		C7D0783E25550C9E00F6F258 /* SceneDelegate.swift */ = {isa = PBXFileReference; lastKnownFileType = sourcecode.swift; path = SceneDelegate.swift; sourceTree = "<group>"; };
		C7D0784325550C9E00F6F258 /* Base */ = {isa = PBXFileReference; lastKnownFileType = file.storyboard; name = Base; path = Base.lproj/Main.storyboard; sourceTree = "<group>"; };
		C7D0784525550C9E00F6F258 /* Assets.xcassets */ = {isa = PBXFileReference; lastKnownFileType = folder.assetcatalog; path = Assets.xcassets; sourceTree = "<group>"; };
		C7D0784825550C9E00F6F258 /* Base */ = {isa = PBXFileReference; lastKnownFileType = file.storyboard; name = Base; path = Base.lproj/LaunchScreen.storyboard; sourceTree = "<group>"; };
		C7D0784A25550C9E00F6F258 /* Info.plist */ = {isa = PBXFileReference; lastKnownFileType = text.plist.xml; path = Info.plist; sourceTree = "<group>"; };
		C7D0784F25550C9E00F6F258 /* viperSampleTests.xctest */ = {isa = PBXFileReference; explicitFileType = wrapper.cfbundle; includeInIndex = 0; path = viperSampleTests.xctest; sourceTree = BUILT_PRODUCTS_DIR; };
		C7D0785325550C9F00F6F258 /* viperSampleTests.swift */ = {isa = PBXFileReference; lastKnownFileType = sourcecode.swift; path = viperSampleTests.swift; sourceTree = "<group>"; };
		C7D0785525550C9F00F6F258 /* Info.plist */ = {isa = PBXFileReference; lastKnownFileType = text.plist.xml; path = Info.plist; sourceTree = "<group>"; };
		C7D0785A25550C9F00F6F258 /* viperSampleUITests.xctest */ = {isa = PBXFileReference; explicitFileType = wrapper.cfbundle; includeInIndex = 0; path = viperSampleUITests.xctest; sourceTree = BUILT_PRODUCTS_DIR; };
		C7D0785E25550C9F00F6F258 /* viperSampleUITests.swift */ = {isa = PBXFileReference; lastKnownFileType = sourcecode.swift; path = viperSampleUITests.swift; sourceTree = "<group>"; };
		C7D0786025550C9F00F6F258 /* Info.plist */ = {isa = PBXFileReference; lastKnownFileType = text.plist.xml; path = Info.plist; sourceTree = "<group>"; };
		C7D078742555168000F6F258 /* ArticleListViewController.swift */ = {isa = PBXFileReference; lastKnownFileType = sourcecode.swift; path = ArticleListViewController.swift; sourceTree = "<group>"; };
		C7D07882255518BB00F6F258 /* ArticleEntity.swift */ = {isa = PBXFileReference; lastKnownFileType = sourcecode.swift; path = ArticleEntity.swift; sourceTree = "<group>"; };
		C7D078882555197D00F6F258 /* ArticleDetailViewController.swift */ = {isa = PBXFileReference; lastKnownFileType = sourcecode.swift; path = ArticleDetailViewController.swift; sourceTree = "<group>"; };
		C7D0789025551CA000F6F258 /* ArticleUseCase.swift */ = {isa = PBXFileReference; lastKnownFileType = sourcecode.swift; path = ArticleUseCase.swift; sourceTree = "<group>"; };
		C7D078952556F5A100F6F258 /* GetArticlesArrayUseCase.swift */ = {isa = PBXFileReference; lastKnownFileType = sourcecode.swift; path = GetArticlesArrayUseCase.swift; sourceTree = "<group>"; };
		C7D0789A2556F7B400F6F258 /* GetArticleByIdUseCase.swift */ = {isa = PBXFileReference; lastKnownFileType = sourcecode.swift; path = GetArticleByIdUseCase.swift; sourceTree = "<group>"; };
		C7D0789F2556FABC00F6F258 /* ArticleListRouter.swift */ = {isa = PBXFileReference; lastKnownFileType = sourcecode.swift; path = ArticleListRouter.swift; sourceTree = "<group>"; };
		C7D078A42556FE2E00F6F258 /* ArticleListPresenter.swift */ = {isa = PBXFileReference; lastKnownFileType = sourcecode.swift; path = ArticleListPresenter.swift; sourceTree = "<group>"; };
/* End PBXFileReference section */

/* Begin PBXFrameworksBuildPhase section */
		C7D0783625550C9E00F6F258 /* Frameworks */ = {
			isa = PBXFrameworksBuildPhase;
			buildActionMask = 2147483647;
			files = (
			);
			runOnlyForDeploymentPostprocessing = 0;
		};
		C7D0784C25550C9E00F6F258 /* Frameworks */ = {
			isa = PBXFrameworksBuildPhase;
			buildActionMask = 2147483647;
			files = (
			);
			runOnlyForDeploymentPostprocessing = 0;
		};
		C7D0785725550C9F00F6F258 /* Frameworks */ = {
			isa = PBXFrameworksBuildPhase;
			buildActionMask = 2147483647;
			files = (
			);
			runOnlyForDeploymentPostprocessing = 0;
		};
/* End PBXFrameworksBuildPhase section */

/* Begin PBXGroup section */
		C7D0783025550C9E00F6F258 = {
			isa = PBXGroup;
			children = (
				C7D0783B25550C9E00F6F258 /* viperSample */,
				C7D0785225550C9F00F6F258 /* viperSampleTests */,
				C7D0785D25550C9F00F6F258 /* viperSampleUITests */,
				C7D0783A25550C9E00F6F258 /* Products */,
			);
			sourceTree = "<group>";
		};
		C7D0783A25550C9E00F6F258 /* Products */ = {
			isa = PBXGroup;
			children = (
				C7D0783925550C9E00F6F258 /* viperSample.app */,
				C7D0784F25550C9E00F6F258 /* viperSampleTests.xctest */,
				C7D0785A25550C9F00F6F258 /* viperSampleUITests.xctest */,
			);
			name = Products;
			sourceTree = "<group>";
		};
		C7D0783B25550C9E00F6F258 /* viperSample */ = {
			isa = PBXGroup;
			children = (
				C7D078722555166700F6F258 /* Aticle */,
				C7D0783C25550C9E00F6F258 /* AppDelegate.swift */,
				C7D0783E25550C9E00F6F258 /* SceneDelegate.swift */,
				C7D0784225550C9E00F6F258 /* Main.storyboard */,
				C7D0784525550C9E00F6F258 /* Assets.xcassets */,
				C7D0784725550C9E00F6F258 /* LaunchScreen.storyboard */,
				C7D0784A25550C9E00F6F258 /* Info.plist */,
			);
			path = viperSample;
			sourceTree = "<group>";
		};
		C7D0785225550C9F00F6F258 /* viperSampleTests */ = {
			isa = PBXGroup;
			children = (
				C7D0785325550C9F00F6F258 /* viperSampleTests.swift */,
				C7D0785525550C9F00F6F258 /* Info.plist */,
			);
			path = viperSampleTests;
			sourceTree = "<group>";
		};
		C7D0785D25550C9F00F6F258 /* viperSampleUITests */ = {
			isa = PBXGroup;
			children = (
				C7D0785E25550C9F00F6F258 /* viperSampleUITests.swift */,
				C7D0786025550C9F00F6F258 /* Info.plist */,
			);
			path = viperSampleUITests;
			sourceTree = "<group>";
		};
		C7D078722555166700F6F258 /* Aticle */ = {
			isa = PBXGroup;
			children = (
				C7D078872555196100F6F258 /* Detail */,
				C7D078732555166E00F6F258 /* List */,
				C7D07882255518BB00F6F258 /* ArticleEntity.swift */,
				C7D0789025551CA000F6F258 /* ArticleUseCase.swift */,
				C7D078952556F5A100F6F258 /* GetArticlesArrayUseCase.swift */,
				C7D0789A2556F7B400F6F258 /* GetArticleByIdUseCase.swift */,
			);
			path = Aticle;
			sourceTree = "<group>";
		};
		C7D078732555166E00F6F258 /* List */ = {
			isa = PBXGroup;
			children = (
				C7D078742555168000F6F258 /* ArticleListViewController.swift */,
				C7D078A42556FE2E00F6F258 /* ArticleListPresenter.swift */,
				C7D0789F2556FABC00F6F258 /* ArticleListRouter.swift */,
			);
			path = List;
			sourceTree = "<group>";
		};
		C7D078872555196100F6F258 /* Detail */ = {
			isa = PBXGroup;
			children = (
				C7D078882555197D00F6F258 /* ArticleDetailViewController.swift */,
				3219E0532560BE0E003BBBA2 /* ArticleDetailPresenter.swift */,
			);
			path = Detail;
			sourceTree = "<group>";
		};
/* End PBXGroup section */

/* Begin PBXNativeTarget section */
		C7D0783825550C9E00F6F258 /* viperSample */ = {
			isa = PBXNativeTarget;
			buildConfigurationList = C7D0786325550C9F00F6F258 /* Build configuration list for PBXNativeTarget "viperSample" */;
			buildPhases = (
				C7D0783525550C9E00F6F258 /* Sources */,
				C7D0783625550C9E00F6F258 /* Frameworks */,
				C7D0783725550C9E00F6F258 /* Resources */,
			);
			buildRules = (
			);
			dependencies = (
			);
			name = viperSample;
			productName = viperSample;
			productReference = C7D0783925550C9E00F6F258 /* viperSample.app */;
			productType = "com.apple.product-type.application";
		};
		C7D0784E25550C9E00F6F258 /* viperSampleTests */ = {
			isa = PBXNativeTarget;
			buildConfigurationList = C7D0786625550C9F00F6F258 /* Build configuration list for PBXNativeTarget "viperSampleTests" */;
			buildPhases = (
				C7D0784B25550C9E00F6F258 /* Sources */,
				C7D0784C25550C9E00F6F258 /* Frameworks */,
				C7D0784D25550C9E00F6F258 /* Resources */,
			);
			buildRules = (
			);
			dependencies = (
				C7D0785125550C9E00F6F258 /* PBXTargetDependency */,
			);
			name = viperSampleTests;
			productName = viperSampleTests;
			productReference = C7D0784F25550C9E00F6F258 /* viperSampleTests.xctest */;
			productType = "com.apple.product-type.bundle.unit-test";
		};
		C7D0785925550C9F00F6F258 /* viperSampleUITests */ = {
			isa = PBXNativeTarget;
			buildConfigurationList = C7D0786925550C9F00F6F258 /* Build configuration list for PBXNativeTarget "viperSampleUITests" */;
			buildPhases = (
				C7D0785625550C9F00F6F258 /* Sources */,
				C7D0785725550C9F00F6F258 /* Frameworks */,
				C7D0785825550C9F00F6F258 /* Resources */,
			);
			buildRules = (
			);
			dependencies = (
				C7D0785C25550C9F00F6F258 /* PBXTargetDependency */,
			);
			name = viperSampleUITests;
			productName = viperSampleUITests;
			productReference = C7D0785A25550C9F00F6F258 /* viperSampleUITests.xctest */;
			productType = "com.apple.product-type.bundle.ui-testing";
		};
/* End PBXNativeTarget section */

/* Begin PBXProject section */
		C7D0783125550C9E00F6F258 /* Project object */ = {
			isa = PBXProject;
			attributes = {
				LastSwiftUpdateCheck = 1210;
				LastUpgradeCheck = 1210;
				TargetAttributes = {
					C7D0783825550C9E00F6F258 = {
						CreatedOnToolsVersion = 12.1;
					};
					C7D0784E25550C9E00F6F258 = {
						CreatedOnToolsVersion = 12.1;
						TestTargetID = C7D0783825550C9E00F6F258;
					};
					C7D0785925550C9F00F6F258 = {
						CreatedOnToolsVersion = 12.1;
						TestTargetID = C7D0783825550C9E00F6F258;
					};
				};
			};
			buildConfigurationList = C7D0783425550C9E00F6F258 /* Build configuration list for PBXProject "viperSample" */;
			compatibilityVersion = "Xcode 9.3";
			developmentRegion = en;
			hasScannedForEncodings = 0;
			knownRegions = (
				en,
				Base,
			);
			mainGroup = C7D0783025550C9E00F6F258;
			productRefGroup = C7D0783A25550C9E00F6F258 /* Products */;
			projectDirPath = "";
			projectRoot = "";
			targets = (
				C7D0783825550C9E00F6F258 /* viperSample */,
				C7D0784E25550C9E00F6F258 /* viperSampleTests */,
				C7D0785925550C9F00F6F258 /* viperSampleUITests */,
			);
		};
/* End PBXProject section */

/* Begin PBXResourcesBuildPhase section */
		C7D0783725550C9E00F6F258 /* Resources */ = {
			isa = PBXResourcesBuildPhase;
			buildActionMask = 2147483647;
			files = (
				C7D0784925550C9E00F6F258 /* LaunchScreen.storyboard in Resources */,
				C7D0784625550C9E00F6F258 /* Assets.xcassets in Resources */,
				C7D0784425550C9E00F6F258 /* Main.storyboard in Resources */,
			);
			runOnlyForDeploymentPostprocessing = 0;
		};
		C7D0784D25550C9E00F6F258 /* Resources */ = {
			isa = PBXResourcesBuildPhase;
			buildActionMask = 2147483647;
			files = (
			);
			runOnlyForDeploymentPostprocessing = 0;
		};
		C7D0785825550C9F00F6F258 /* Resources */ = {
			isa = PBXResourcesBuildPhase;
			buildActionMask = 2147483647;
			files = (
			);
			runOnlyForDeploymentPostprocessing = 0;
		};
/* End PBXResourcesBuildPhase section */

/* Begin PBXSourcesBuildPhase section */
		C7D0783525550C9E00F6F258 /* Sources */ = {
			isa = PBXSourcesBuildPhase;
			buildActionMask = 2147483647;
			files = (
				C7D0789B2556F7B400F6F258 /* GetArticleByIdUseCase.swift in Sources */,
				C7D0783D25550C9E00F6F258 /* AppDelegate.swift in Sources */,
				C7D078892555197D00F6F258 /* ArticleDetailViewController.swift in Sources */,
				C7D078A52556FE2E00F6F258 /* ArticleListPresenter.swift in Sources */,
				C7D078752555168000F6F258 /* ArticleListViewController.swift in Sources */,
				C7D0783F25550C9E00F6F258 /* SceneDelegate.swift in Sources */,
				3219E0542560BE0E003BBBA2 /* ArticleDetailPresenter.swift in Sources */,
				C7D07883255518BB00F6F258 /* ArticleEntity.swift in Sources */,
				C7D078A02556FABC00F6F258 /* ArticleListRouter.swift in Sources */,
				C7D0789125551CA000F6F258 /* ArticleUseCase.swift in Sources */,
				C7D078962556F5A100F6F258 /* GetArticlesArrayUseCase.swift in Sources */,
			);
			runOnlyForDeploymentPostprocessing = 0;
		};
		C7D0784B25550C9E00F6F258 /* Sources */ = {
			isa = PBXSourcesBuildPhase;
			buildActionMask = 2147483647;
			files = (
				C7D0785425550C9F00F6F258 /* viperSampleTests.swift in Sources */,
			);
			runOnlyForDeploymentPostprocessing = 0;
		};
		C7D0785625550C9F00F6F258 /* Sources */ = {
			isa = PBXSourcesBuildPhase;
			buildActionMask = 2147483647;
			files = (
				C7D0785F25550C9F00F6F258 /* viperSampleUITests.swift in Sources */,
			);
			runOnlyForDeploymentPostprocessing = 0;
		};
/* End PBXSourcesBuildPhase section */

/* Begin PBXTargetDependency section */
		C7D0785125550C9E00F6F258 /* PBXTargetDependency */ = {
			isa = PBXTargetDependency;
			target = C7D0783825550C9E00F6F258 /* viperSample */;
			targetProxy = C7D0785025550C9E00F6F258 /* PBXContainerItemProxy */;
		};
		C7D0785C25550C9F00F6F258 /* PBXTargetDependency */ = {
			isa = PBXTargetDependency;
			target = C7D0783825550C9E00F6F258 /* viperSample */;
			targetProxy = C7D0785B25550C9F00F6F258 /* PBXContainerItemProxy */;
		};
/* End PBXTargetDependency section */

/* Begin PBXVariantGroup section */
		C7D0784225550C9E00F6F258 /* Main.storyboard */ = {
			isa = PBXVariantGroup;
			children = (
				C7D0784325550C9E00F6F258 /* Base */,
			);
			name = Main.storyboard;
			sourceTree = "<group>";
		};
		C7D0784725550C9E00F6F258 /* LaunchScreen.storyboard */ = {
			isa = PBXVariantGroup;
			children = (
				C7D0784825550C9E00F6F258 /* Base */,
			);
			name = LaunchScreen.storyboard;
			sourceTree = "<group>";
		};
/* End PBXVariantGroup section */

/* Begin XCBuildConfiguration section */
		C7D0786125550C9F00F6F258 /* Debug */ = {
			isa = XCBuildConfiguration;
			buildSettings = {
				ALWAYS_SEARCH_USER_PATHS = NO;
				CLANG_ANALYZER_NONNULL = YES;
				CLANG_ANALYZER_NUMBER_OBJECT_CONVERSION = YES_AGGRESSIVE;
				CLANG_CXX_LANGUAGE_STANDARD = "gnu++14";
				CLANG_CXX_LIBRARY = "libc++";
				CLANG_ENABLE_MODULES = YES;
				CLANG_ENABLE_OBJC_ARC = YES;
				CLANG_ENABLE_OBJC_WEAK = YES;
				CLANG_WARN_BLOCK_CAPTURE_AUTORELEASING = YES;
				CLANG_WARN_BOOL_CONVERSION = YES;
				CLANG_WARN_COMMA = YES;
				CLANG_WARN_CONSTANT_CONVERSION = YES;
				CLANG_WARN_DEPRECATED_OBJC_IMPLEMENTATIONS = YES;
				CLANG_WARN_DIRECT_OBJC_ISA_USAGE = YES_ERROR;
				CLANG_WARN_DOCUMENTATION_COMMENTS = YES;
				CLANG_WARN_EMPTY_BODY = YES;
				CLANG_WARN_ENUM_CONVERSION = YES;
				CLANG_WARN_INFINITE_RECURSION = YES;
				CLANG_WARN_INT_CONVERSION = YES;
				CLANG_WARN_NON_LITERAL_NULL_CONVERSION = YES;
				CLANG_WARN_OBJC_IMPLICIT_RETAIN_SELF = YES;
				CLANG_WARN_OBJC_LITERAL_CONVERSION = YES;
				CLANG_WARN_OBJC_ROOT_CLASS = YES_ERROR;
				CLANG_WARN_QUOTED_INCLUDE_IN_FRAMEWORK_HEADER = YES;
				CLANG_WARN_RANGE_LOOP_ANALYSIS = YES;
				CLANG_WARN_STRICT_PROTOTYPES = YES;
				CLANG_WARN_SUSPICIOUS_MOVE = YES;
				CLANG_WARN_UNGUARDED_AVAILABILITY = YES_AGGRESSIVE;
				CLANG_WARN_UNREACHABLE_CODE = YES;
				CLANG_WARN__DUPLICATE_METHOD_MATCH = YES;
				COPY_PHASE_STRIP = NO;
				DEBUG_INFORMATION_FORMAT = dwarf;
				ENABLE_STRICT_OBJC_MSGSEND = YES;
				ENABLE_TESTABILITY = YES;
				GCC_C_LANGUAGE_STANDARD = gnu11;
				GCC_DYNAMIC_NO_PIC = NO;
				GCC_NO_COMMON_BLOCKS = YES;
				GCC_OPTIMIZATION_LEVEL = 0;
				GCC_PREPROCESSOR_DEFINITIONS = (
					"DEBUG=1",
					"$(inherited)",
				);
				GCC_WARN_64_TO_32_BIT_CONVERSION = YES;
				GCC_WARN_ABOUT_RETURN_TYPE = YES_ERROR;
				GCC_WARN_UNDECLARED_SELECTOR = YES;
				GCC_WARN_UNINITIALIZED_AUTOS = YES_AGGRESSIVE;
				GCC_WARN_UNUSED_FUNCTION = YES;
				GCC_WARN_UNUSED_VARIABLE = YES;
				IPHONEOS_DEPLOYMENT_TARGET = 14.1;
				MTL_ENABLE_DEBUG_INFO = INCLUDE_SOURCE;
				MTL_FAST_MATH = YES;
				ONLY_ACTIVE_ARCH = YES;
				SDKROOT = iphoneos;
				SWIFT_ACTIVE_COMPILATION_CONDITIONS = DEBUG;
				SWIFT_OPTIMIZATION_LEVEL = "-Onone";
			};
			name = Debug;
		};
		C7D0786225550C9F00F6F258 /* Release */ = {
			isa = XCBuildConfiguration;
			buildSettings = {
				ALWAYS_SEARCH_USER_PATHS = NO;
				CLANG_ANALYZER_NONNULL = YES;
				CLANG_ANALYZER_NUMBER_OBJECT_CONVERSION = YES_AGGRESSIVE;
				CLANG_CXX_LANGUAGE_STANDARD = "gnu++14";
				CLANG_CXX_LIBRARY = "libc++";
				CLANG_ENABLE_MODULES = YES;
				CLANG_ENABLE_OBJC_ARC = YES;
				CLANG_ENABLE_OBJC_WEAK = YES;
				CLANG_WARN_BLOCK_CAPTURE_AUTORELEASING = YES;
				CLANG_WARN_BOOL_CONVERSION = YES;
				CLANG_WARN_COMMA = YES;
				CLANG_WARN_CONSTANT_CONVERSION = YES;
				CLANG_WARN_DEPRECATED_OBJC_IMPLEMENTATIONS = YES;
				CLANG_WARN_DIRECT_OBJC_ISA_USAGE = YES_ERROR;
				CLANG_WARN_DOCUMENTATION_COMMENTS = YES;
				CLANG_WARN_EMPTY_BODY = YES;
				CLANG_WARN_ENUM_CONVERSION = YES;
				CLANG_WARN_INFINITE_RECURSION = YES;
				CLANG_WARN_INT_CONVERSION = YES;
				CLANG_WARN_NON_LITERAL_NULL_CONVERSION = YES;
				CLANG_WARN_OBJC_IMPLICIT_RETAIN_SELF = YES;
				CLANG_WARN_OBJC_LITERAL_CONVERSION = YES;
				CLANG_WARN_OBJC_ROOT_CLASS = YES_ERROR;
				CLANG_WARN_QUOTED_INCLUDE_IN_FRAMEWORK_HEADER = YES;
				CLANG_WARN_RANGE_LOOP_ANALYSIS = YES;
				CLANG_WARN_STRICT_PROTOTYPES = YES;
				CLANG_WARN_SUSPICIOUS_MOVE = YES;
				CLANG_WARN_UNGUARDED_AVAILABILITY = YES_AGGRESSIVE;
				CLANG_WARN_UNREACHABLE_CODE = YES;
				CLANG_WARN__DUPLICATE_METHOD_MATCH = YES;
				COPY_PHASE_STRIP = NO;
				DEBUG_INFORMATION_FORMAT = "dwarf-with-dsym";
				ENABLE_NS_ASSERTIONS = NO;
				ENABLE_STRICT_OBJC_MSGSEND = YES;
				GCC_C_LANGUAGE_STANDARD = gnu11;
				GCC_NO_COMMON_BLOCKS = YES;
				GCC_WARN_64_TO_32_BIT_CONVERSION = YES;
				GCC_WARN_ABOUT_RETURN_TYPE = YES_ERROR;
				GCC_WARN_UNDECLARED_SELECTOR = YES;
				GCC_WARN_UNINITIALIZED_AUTOS = YES_AGGRESSIVE;
				GCC_WARN_UNUSED_FUNCTION = YES;
				GCC_WARN_UNUSED_VARIABLE = YES;
				IPHONEOS_DEPLOYMENT_TARGET = 14.1;
				MTL_ENABLE_DEBUG_INFO = NO;
				MTL_FAST_MATH = YES;
				SDKROOT = iphoneos;
				SWIFT_COMPILATION_MODE = wholemodule;
				SWIFT_OPTIMIZATION_LEVEL = "-O";
				VALIDATE_PRODUCT = YES;
			};
			name = Release;
		};
		C7D0786425550C9F00F6F258 /* Debug */ = {
			isa = XCBuildConfiguration;
			buildSettings = {
				ASSETCATALOG_COMPILER_APPICON_NAME = AppIcon;
				ASSETCATALOG_COMPILER_GLOBAL_ACCENT_COLOR_NAME = AccentColor;
				CODE_SIGN_STYLE = Automatic;
				DEVELOPMENT_TEAM = R6FXVG8497;
				INFOPLIST_FILE = viperSample/Info.plist;
				LD_RUNPATH_SEARCH_PATHS = (
					"$(inherited)",
					"@executable_path/Frameworks",
				);
				PRODUCT_BUNDLE_IDENTIFIER = hikaruhara.viperSample;
				PRODUCT_NAME = "$(TARGET_NAME)";
				SWIFT_VERSION = 5.0;
				TARGETED_DEVICE_FAMILY = "1,2";
			};
			name = Debug;
		};
		C7D0786525550C9F00F6F258 /* Release */ = {
			isa = XCBuildConfiguration;
			buildSettings = {
				ASSETCATALOG_COMPILER_APPICON_NAME = AppIcon;
				ASSETCATALOG_COMPILER_GLOBAL_ACCENT_COLOR_NAME = AccentColor;
				CODE_SIGN_STYLE = Automatic;
				DEVELOPMENT_TEAM = R6FXVG8497;
				INFOPLIST_FILE = viperSample/Info.plist;
				LD_RUNPATH_SEARCH_PATHS = (
					"$(inherited)",
					"@executable_path/Frameworks",
				);
				PRODUCT_BUNDLE_IDENTIFIER = hikaruhara.viperSample;
				PRODUCT_NAME = "$(TARGET_NAME)";
				SWIFT_VERSION = 5.0;
				TARGETED_DEVICE_FAMILY = "1,2";
			};
			name = Release;
		};
		C7D0786725550C9F00F6F258 /* Debug */ = {
			isa = XCBuildConfiguration;
			buildSettings = {
				ALWAYS_EMBED_SWIFT_STANDARD_LIBRARIES = YES;
				BUNDLE_LOADER = "$(TEST_HOST)";
				CODE_SIGN_STYLE = Automatic;
				INFOPLIST_FILE = viperSampleTests/Info.plist;
				IPHONEOS_DEPLOYMENT_TARGET = 14.1;
				LD_RUNPATH_SEARCH_PATHS = (
					"$(inherited)",
					"@executable_path/Frameworks",
					"@loader_path/Frameworks",
				);
				PRODUCT_BUNDLE_IDENTIFIER = hikaruhara.viperSampleTests;
				PRODUCT_NAME = "$(TARGET_NAME)";
				SWIFT_VERSION = 5.0;
				TARGETED_DEVICE_FAMILY = "1,2";
				TEST_HOST = "$(BUILT_PRODUCTS_DIR)/viperSample.app/viperSample";
			};
			name = Debug;
		};
		C7D0786825550C9F00F6F258 /* Release */ = {
			isa = XCBuildConfiguration;
			buildSettings = {
				ALWAYS_EMBED_SWIFT_STANDARD_LIBRARIES = YES;
				BUNDLE_LOADER = "$(TEST_HOST)";
				CODE_SIGN_STYLE = Automatic;
				INFOPLIST_FILE = viperSampleTests/Info.plist;
				IPHONEOS_DEPLOYMENT_TARGET = 14.1;
				LD_RUNPATH_SEARCH_PATHS = (
					"$(inherited)",
					"@executable_path/Frameworks",
					"@loader_path/Frameworks",
				);
				PRODUCT_BUNDLE_IDENTIFIER = hikaruhara.viperSampleTests;
				PRODUCT_NAME = "$(TARGET_NAME)";
				SWIFT_VERSION = 5.0;
				TARGETED_DEVICE_FAMILY = "1,2";
				TEST_HOST = "$(BUILT_PRODUCTS_DIR)/viperSample.app/viperSample";
			};
			name = Release;
		};
		C7D0786A25550C9F00F6F258 /* Debug */ = {
			isa = XCBuildConfiguration;
			buildSettings = {
				ALWAYS_EMBED_SWIFT_STANDARD_LIBRARIES = YES;
				CODE_SIGN_STYLE = Automatic;
				INFOPLIST_FILE = viperSampleUITests/Info.plist;
				LD_RUNPATH_SEARCH_PATHS = (
					"$(inherited)",
					"@executable_path/Frameworks",
					"@loader_path/Frameworks",
				);
				PRODUCT_BUNDLE_IDENTIFIER = hikaruhara.viperSampleUITests;
				PRODUCT_NAME = "$(TARGET_NAME)";
				SWIFT_VERSION = 5.0;
				TARGETED_DEVICE_FAMILY = "1,2";
				TEST_TARGET_NAME = viperSample;
			};
			name = Debug;
		};
		C7D0786B25550C9F00F6F258 /* Release */ = {
			isa = XCBuildConfiguration;
			buildSettings = {
				ALWAYS_EMBED_SWIFT_STANDARD_LIBRARIES = YES;
				CODE_SIGN_STYLE = Automatic;
				INFOPLIST_FILE = viperSampleUITests/Info.plist;
				LD_RUNPATH_SEARCH_PATHS = (
					"$(inherited)",
					"@executable_path/Frameworks",
					"@loader_path/Frameworks",
				);
				PRODUCT_BUNDLE_IDENTIFIER = hikaruhara.viperSampleUITests;
				PRODUCT_NAME = "$(TARGET_NAME)";
				SWIFT_VERSION = 5.0;
				TARGETED_DEVICE_FAMILY = "1,2";
				TEST_TARGET_NAME = viperSample;
			};
			name = Release;
		};
/* End XCBuildConfiguration section */

/* Begin XCConfigurationList section */
		C7D0783425550C9E00F6F258 /* Build configuration list for PBXProject "viperSample" */ = {
			isa = XCConfigurationList;
			buildConfigurations = (
				C7D0786125550C9F00F6F258 /* Debug */,
				C7D0786225550C9F00F6F258 /* Release */,
			);
			defaultConfigurationIsVisible = 0;
			defaultConfigurationName = Release;
		};
		C7D0786325550C9F00F6F258 /* Build configuration list for PBXNativeTarget "viperSample" */ = {
			isa = XCConfigurationList;
			buildConfigurations = (
				C7D0786425550C9F00F6F258 /* Debug */,
				C7D0786525550C9F00F6F258 /* Release */,
			);
			defaultConfigurationIsVisible = 0;
			defaultConfigurationName = Release;
		};
		C7D0786625550C9F00F6F258 /* Build configuration list for PBXNativeTarget "viperSampleTests" */ = {
			isa = XCConfigurationList;
			buildConfigurations = (
				C7D0786725550C9F00F6F258 /* Debug */,
				C7D0786825550C9F00F6F258 /* Release */,
			);
			defaultConfigurationIsVisible = 0;
			defaultConfigurationName = Release;
		};
		C7D0786925550C9F00F6F258 /* Build configuration list for PBXNativeTarget "viperSampleUITests" */ = {
			isa = XCConfigurationList;
			buildConfigurations = (
				C7D0786A25550C9F00F6F258 /* Debug */,
				C7D0786B25550C9F00F6F258 /* Release */,
			);
			defaultConfigurationIsVisible = 0;
			defaultConfigurationName = Release;
		};
/* End XCConfigurationList section */
	};
	rootObject = C7D0783125550C9E00F6F258 /* Project object */;
}
